
Microsoft Visual Studio Solution File, Format Version 12.00
# Visual Studio 15
VisualStudioVersion = 15.0.27703.2018
MinimumVisualStudioVersion = 10.0.40219.1
Project("{FAE04EC0-301F-11D3-BF4B-00C04F79EFBC}") = "Shob", "Shob\Shob.csproj", "{D25B0874-7CEA-4D03-8932-2BCD9606D55E}"
EndProject
Global
	GlobalSection(SolutionConfigurationPlatforms) = preSolution
		Debug|Any CPU = Debug|Any CPU
		Release|Any CPU = Release|Any CPU
	EndGlobalSection
	GlobalSection(ProjectConfigurationPlatforms) = postSolution
		{D25B0874-7CEA-4D03-8932-2BCD9606D55E}.Debug|Any CPU.ActiveCfg = Debug|Any CPU
		{D25B0874-7CEA-4D03-8932-2BCD9606D55E}.Debug|Any CPU.Build.0 = Debug|Any CPU
		{D25B0874-7CEA-4D03-8932-2BCD9606D55E}.Release|Any CPU.ActiveCfg = Release|Any CPU
		{D25B0874-7CEA-4D03-8932-2BCD9606D55E}.Release|Any CPU.Build.0 = Release|Any CPU
	EndGlobalSection
	GlobalSection(SolutionProperties) = preSolution
		HideSolutionNode = FALSE
	EndGlobalSection
	GlobalSection(ExtensibilityGlobals) = postSolution
		SolutionGuid = {5153912E-7E2A-42D1-AC59-BEE42BB7669F}
	EndGlobalSection
EndGlobal
